# This file is automatically @generated by Cargo.
# It is not intended for manual editing.
version = 3

[[package]]
name = "better_file_maker"
version = "0.1.9"
source = "registry+https://github.com/rust-lang/crates.io-index"
checksum = "261eb91cb363a5611520329af7c7930a31b26737fb15ac9dc52be7af0ec8343f"

[[package]]
name = "cougar_question_maker"
version = "0.1.0"
dependencies = [
 "better_file_maker",
 "txt_writer",
]

[[package]]
name = "txt_writer"
version = "0.1.4"
source = "registry+https://github.com/rust-lang/crates.io-index"
checksum = "1a7aca18b6cb804bc9778f6f00d4d16046b3cee8e164469aa44dfce5e403be50"
